<?xml version="1.0" encoding="utf-8"?>
<Project ToolsVersion="4.0" xmlns="http://schemas.microsoft.com/developer/msbuild/2003">
  <ItemGroup>
    <Filter Include="Source Files">
      <UniqueIdentifier>{4FC737F1-C7A5-4376-A066-2A32D752A2FF}</UniqueIdentifier>
      <Extensions>cpp;c;cc;cxx;c++;cppm;ixx;def;odl;idl;hpj;bat;asm;asmx</Extensions>
    </Filter>
    <Filter Include="Header Files">
      <UniqueIdentifier>{93995380-89BD-4b04-88EB-625FBE52EBFB}</UniqueIdentifier>
      <Extensions>h;hh;hpp;hxx;h++;hm;inl;inc;ipp;xsd</Extensions>
    </Filter>
    <Filter Include="Resource Files">
      <UniqueIdentifier>{67DA6AB6-F800-4c08-8B7A-83BB121AAD01}</UniqueIdentifier>
      <Extensions>rc;ico;cur;bmp;dlg;rc2;rct;bin;rgs;gif;jpg;jpeg;jpe;resx;tiff;tif;png;wav;mfcribbon-ms</Extensions>
    </Filter>
  </ItemGroup>
  <ItemGroup>
    <ClCompile Include="alu.cpp">
      <Filter>Source Files</Filter>
    </ClCompile>
    <ClCompile Include="bcd.cpp">
      <Filter>Source Files</Filter>
    </ClCompile>
    <ClCompile Include="datamux.cpp">
      <Filter>Source Files</Filter>
    </ClCompile>
    <ClCompile Include="decoder.cpp">
      <Filter>Source Files</Filter>
    </ClCompile>
    <ClCompile Include="idu.cpp">
      <Filter>Source Files</Filter>
    </ClCompile>
    <ClCompile Include="irq.cpp">
      <Filter>Source Files</Filter>
    </ClCompile>
    <ClCompile Include="regs.cpp">
      <Filter>Source Files</Filter>
    </ClCompile>
    <ClCompile Include="seq.cpp">
      <Filter>Source Files</Filter>
    </ClCompile>
    <ClCompile Include="sm83.cpp">
      <Filter>Source Files</Filter>
    </ClCompile>
    <ClCompile Include="sm83sim.cpp">
      <Filter>Source Files</Filter>
    </ClCompile>
    <ClCompile Include="thingy.cpp">
      <Filter>Source Files</Filter>
    </ClCompile>
  </ItemGroup>
  <ItemGroup>
    <ClInclude Include="sm83.h">
      <Filter>Header Files</Filter>
    </ClInclude>
    <ClInclude Include="decoder.h">
      <Filter>Header Files</Filter>
    </ClInclude>
  </ItemGroup>
</Project>