
Microsoft Visual Studio Solution File, Format Version 12.00
# Visual Studio Version 17
VisualStudioVersion = 17.11.35222.181
MinimumVisualStudioVersion = 10.0.40219.1
Project("{8BC9CEB8-8B4A-11D0-8D11-00A0C91BC942}") = "sm83sim", "sm83sim.vcxproj", "{1A39838B-A2CC-4A56-A875-032FFE0AC26E}"
EndProject
Project("{8BC9CEB8-8B4A-11D0-8D11-00A0C91BC942}") = "dmglib", "..\dmglib\dmglib.vcxproj", "{1D99C979-5752-4E9B-8C97-D5C567F7CDB1}"
EndProject
Global
	GlobalSection(SolutionConfigurationPlatforms) = preSolution
		Debug|x64 = Debug|x64
		Debug|x86 = Debug|x86
		Release|x64 = Release|x64
		Release|x86 = Release|x86
	EndGlobalSection
	GlobalSection(ProjectConfigurationPlatforms) = postSolution
		{1A39838B-A2CC-4A56-A875-032FFE0AC26E}.Debug|x64.ActiveCfg = Debug|x64
		{1A39838B-A2CC-4A56-A875-032FFE0AC26E}.Debug|x64.Build.0 = Debug|x64
		{1A39838B-A2CC-4A56-A875-032FFE0AC26E}.Debug|x86.ActiveCfg = Debug|Win32
		{1A39838B-A2CC-4A56-A875-032FFE0AC26E}.Debug|x86.Build.0 = Debug|Win32
		{1A39838B-A2CC-4A56-A875-032FFE0AC26E}.Release|x64.ActiveCfg = Release|x64
		{1A39838B-A2CC-4A56-A875-032FFE0AC26E}.Release|x64.Build.0 = Release|x64
		{1A39838B-A2CC-4A56-A875-032FFE0AC26E}.Release|x86.ActiveCfg = Release|Win32
		{1A39838B-A2CC-4A56-A875-032FFE0AC26E}.Release|x86.Build.0 = Release|Win32
		{1D99C979-5752-4E9B-8C97-D5C567F7CDB1}.Debug|x64.ActiveCfg = Debug|x64
		{1D99C979-5752-4E9B-8C97-D5C567F7CDB1}.Debug|x64.Build.0 = Debug|x64
		{1D99C979-5752-4E9B-8C97-D5C567F7CDB1}.Debug|x86.ActiveCfg = Debug|Win32
		{1D99C979-5752-4E9B-8C97-D5C567F7CDB1}.Debug|x86.Build.0 = Debug|Win32
		{1D99C979-5752-4E9B-8C97-D5C567F7CDB1}.Release|x64.ActiveCfg = Release|x64
		{1D99C979-5752-4E9B-8C97-D5C567F7CDB1}.Release|x64.Build.0 = Release|x64
		{1D99C979-5752-4E9B-8C97-D5C567F7CDB1}.Release|x86.ActiveCfg = Release|Win32
		{1D99C979-5752-4E9B-8C97-D5C567F7CDB1}.Release|x86.Build.0 = Release|Win32
	EndGlobalSection
	GlobalSection(SolutionProperties) = preSolution
		HideSolutionNode = FALSE
	EndGlobalSection
	GlobalSection(ExtensibilityGlobals) = postSolution
		SolutionGuid = {94DFADF6-266D-45ED-A2B3-AEDA8D7D4246}
	EndGlobalSection
EndGlobal
